
Microsoft Visual Studio Solution File, Format Version 12.00
# Visual Studio Version 17
VisualStudioVersion = 17.0.31903.59
MinimumVisualStudioVersion = 10.0.40219.1
Project("{2150E333-8FDC-42A3-9474-1A3956D46DE8}") = "src", "src", "{B4274781-FD83-40DD-9202-9D649041A1FD}"
EndProject
Project("{FAE04EC0-301F-11D3-BF4B-00C04F79EFBC}") = "AslSu.Domain", "src\AslSu.Domain\AslSu.Domain.csproj", "{0D739844-D362-4AED-BC16-837E2E46C6C9}"
EndProject
Project("{FAE04EC0-301F-11D3-BF4B-00C04F79EFBC}") = "AslSu.Application", "src\AslSu.Application\AslSu.Application.csproj", "{8C4FA54A-916C-4172-A3F7-1F40E8926D27}"
EndProject
Project("{FAE04EC0-301F-11D3-BF4B-00C04F79EFBC}") = "AslSu.Infrastructure", "src\AslSu.Infrastructure\AslSu.Infrastructure.csproj", "{13FBD919-4B59-424C-934D-260CF03FA57B}"
EndProject
Project("{FAE04EC0-301F-11D3-BF4B-00C04F79EFBC}") = "AslSu.TrendyolGo", "src\AslSu.TrendyolGo\AslSu.TrendyolGo.csproj", "{AA030D63-025A-44C4-8602-08C5065993BE}"
EndProject
Project("{FAE04EC0-301F-11D3-BF4B-00C04F79EFBC}") = "AslSu.Api", "src\AslSu.Api\AslSu.Api.csproj", "{466E33F6-36D8-436A-8BBE-B3D8C2F6F8B1}"
EndProject
Project("{2150E333-8FDC-42A3-9474-1A3956D46DE8}") = "tests", "tests", "{9A497B18-B6AC-4CB0-A1D2-C73CE3FE4B66}"
EndProject
Project("{FAE04EC0-301F-11D3-BF4B-00C04F79EFBC}") = "AslSu.Domain.Tests", "tests\AslSu.Domain.Tests\AslSu.Domain.Tests.csproj", "{EAF18C20-97EC-4D66-8D6A-BC4A9D7535B0}"
EndProject
Project("{FAE04EC0-301F-11D3-BF4B-00C04F79EFBC}") = "AslSu.Application.Tests", "tests\AslSu.Application.Tests\AslSu.Application.Tests.csproj", "{FB239F68-BDB6-4665-AEB4-64DD3A15FE72}"
EndProject
Project("{FAE04EC0-301F-11D3-BF4B-00C04F79EFBC}") = "AslSu.TrendyolGo.Tests", "tests\AslSu.TrendyolGo.Tests\AslSu.TrendyolGo.Tests.csproj", "{3A7768B9-FE74-4022-BC1F-151F62EBF92C}"
EndProject
Project("{FAE04EC0-301F-11D3-BF4B-00C04F79EFBC}") = "AslSu.Api.IntegrationTests", "tests\AslSu.Api.IntegrationTests\AslSu.Api.IntegrationTests.csproj", "{540D2665-6491-40E1-8FCB-83AD8FB12F1B}"
EndProject
Global
	GlobalSection(SolutionConfigurationPlatforms) = preSolution
		Debug|Any CPU = Debug|Any CPU
		Release|Any CPU = Release|Any CPU
	EndGlobalSection
	GlobalSection(SolutionProperties) = preSolution
		HideSolutionNode = FALSE
	EndGlobalSection
	GlobalSection(ProjectConfigurationPlatforms) = postSolution
		{0D739844-D362-4AED-BC16-837E2E46C6C9}.Debug|Any CPU.ActiveCfg = Debug|Any CPU
		{0D739844-D362-4AED-BC16-837E2E46C6C9}.Debug|Any CPU.Build.0 = Debug|Any CPU
		{0D739844-D362-4AED-BC16-837E2E46C6C9}.Release|Any CPU.ActiveCfg = Release|Any CPU
		{0D739844-D362-4AED-BC16-837E2E46C6C9}.Release|Any CPU.Build.0 = Release|Any CPU
		{8C4FA54A-916C-4172-A3F7-1F40E8926D27}.Debug|Any CPU.ActiveCfg = Debug|Any CPU
		{8C4FA54A-916C-4172-A3F7-1F40E8926D27}.Debug|Any CPU.Build.0 = Debug|Any CPU
		{8C4FA54A-916C-4172-A3F7-1F40E8926D27}.Release|Any CPU.ActiveCfg = Release|Any CPU
		{8C4FA54A-916C-4172-A3F7-1F40E8926D27}.Release|Any CPU.Build.0 = Release|Any CPU
		{13FBD919-4B59-424C-934D-260CF03FA57B}.Debug|Any CPU.ActiveCfg = Debug|Any CPU
		{13FBD919-4B59-424C-934D-260CF03FA57B}.Debug|Any CPU.Build.0 = Debug|Any CPU
		{13FBD919-4B59-424C-934D-260CF03FA57B}.Release|Any CPU.ActiveCfg = Release|Any CPU
		{13FBD919-4B59-424C-934D-260CF03FA57B}.Release|Any CPU.Build.0 = Release|Any CPU
		{AA030D63-025A-44C4-8602-08C5065993BE}.Debug|Any CPU.ActiveCfg = Debug|Any CPU
		{AA030D63-025A-44C4-8602-08C5065993BE}.Debug|Any CPU.Build.0 = Debug|Any CPU
		{AA030D63-025A-44C4-8602-08C5065993BE}.Release|Any CPU.ActiveCfg = Release|Any CPU
		{AA030D63-025A-44C4-8602-08C5065993BE}.Release|Any CPU.Build.0 = Release|Any CPU
		{466E33F6-36D8-436A-8BBE-B3D8C2F6F8B1}.Debug|Any CPU.ActiveCfg = Debug|Any CPU
		{466E33F6-36D8-436A-8BBE-B3D8C2F6F8B1}.Debug|Any CPU.Build.0 = Debug|Any CPU
		{466E33F6-36D8-436A-8BBE-B3D8C2F6F8B1}.Release|Any CPU.ActiveCfg = Release|Any CPU
		{466E33F6-36D8-436A-8BBE-B3D8C2F6F8B1}.Release|Any CPU.Build.0 = Release|Any CPU
		{EAF18C20-97EC-4D66-8D6A-BC4A9D7535B0}.Debug|Any CPU.ActiveCfg = Debug|Any CPU
		{EAF18C20-97EC-4D66-8D6A-BC4A9D7535B0}.Debug|Any CPU.Build.0 = Debug|Any CPU
		{EAF18C20-97EC-4D66-8D6A-BC4A9D7535B0}.Release|Any CPU.ActiveCfg = Release|Any CPU
		{EAF18C20-97EC-4D66-8D6A-BC4A9D7535B0}.Release|Any CPU.Build.0 = Release|Any CPU
		{FB239F68-BDB6-4665-AEB4-64DD3A15FE72}.Debug|Any CPU.ActiveCfg = Debug|Any CPU
		{FB239F68-BDB6-4665-AEB4-64DD3A15FE72}.Debug|Any CPU.Build.0 = Debug|Any CPU
		{FB239F68-BDB6-4665-AEB4-64DD3A15FE72}.Release|Any CPU.ActiveCfg = Release|Any CPU
		{FB239F68-BDB6-4665-AEB4-64DD3A15FE72}.Release|Any CPU.Build.0 = Release|Any CPU
		{3A7768B9-FE74-4022-BC1F-151F62EBF92C}.Debug|Any CPU.ActiveCfg = Debug|Any CPU
		{3A7768B9-FE74-4022-BC1F-151F62EBF92C}.Debug|Any CPU.Build.0 = Debug|Any CPU
		{3A7768B9-FE74-4022-BC1F-151F62EBF92C}.Release|Any CPU.ActiveCfg = Release|Any CPU
		{3A7768B9-FE74-4022-BC1F-151F62EBF92C}.Release|Any CPU.Build.0 = Release|Any CPU
		{540D2665-6491-40E1-8FCB-83AD8FB12F1B}.Debug|Any CPU.ActiveCfg = Debug|Any CPU
		{540D2665-6491-40E1-8FCB-83AD8FB12F1B}.Debug|Any CPU.Build.0 = Debug|Any CPU
		{540D2665-6491-40E1-8FCB-83AD8FB12F1B}.Release|Any CPU.ActiveCfg = Release|Any CPU
		{540D2665-6491-40E1-8FCB-83AD8FB12F1B}.Release|Any CPU.Build.0 = Release|Any CPU
	EndGlobalSection
	GlobalSection(NestedProjects) = preSolution
		{0D739844-D362-4AED-BC16-837E2E46C6C9} = {B4274781-FD83-40DD-9202-9D649041A1FD}
		{8C4FA54A-916C-4172-A3F7-1F40E8926D27} = {B4274781-FD83-40DD-9202-9D649041A1FD}
		{13FBD919-4B59-424C-934D-260CF03FA57B} = {B4274781-FD83-40DD-9202-9D649041A1FD}
		{AA030D63-025A-44C4-8602-08C5065993BE} = {B4274781-FD83-40DD-9202-9D649041A1FD}
		{466E33F6-36D8-436A-8BBE-B3D8C2F6F8B1} = {B4274781-FD83-40DD-9202-9D649041A1FD}
		{EAF18C20-97EC-4D66-8D6A-BC4A9D7535B0} = {9A497B18-B6AC-4CB0-A1D2-C73CE3FE4B66}
		{FB239F68-BDB6-4665-AEB4-64DD3A15FE72} = {9A497B18-B6AC-4CB0-A1D2-C73CE3FE4B66}
		{3A7768B9-FE74-4022-BC1F-151F62EBF92C} = {9A497B18-B6AC-4CB0-A1D2-C73CE3FE4B66}
		{540D2665-6491-40E1-8FCB-83AD8FB12F1B} = {9A497B18-B6AC-4CB0-A1D2-C73CE3FE4B66}
	EndGlobalSection
EndGlobal
